
Microsoft Visual Studio Solution File, Format Version 12.00
# Visual Studio Version 16
VisualStudioVersion = 16.0.29709.97
MinimumVisualStudioVersion = 10.0.40219.1
Project("{FAE04EC0-301F-11D3-BF4B-00C04F79EFBC}") = "Ex2T3_minMaxVector", "Ex2T3_minMaxVector.csproj", "{0B2C2D2C-2EB0-45ED-BFF1-4E94D8D520F0}"
EndProject
Global
	GlobalSection(SolutionConfigurationPlatforms) = preSolution
		Debug|Any CPU = Debug|Any CPU
		Release|Any CPU = Release|Any CPU
	EndGlobalSection
	GlobalSection(ProjectConfigurationPlatforms) = postSolution
		{0B2C2D2C-2EB0-45ED-BFF1-4E94D8D520F0}.Debug|Any CPU.ActiveCfg = Debug|Any CPU
		{0B2C2D2C-2EB0-45ED-BFF1-4E94D8D520F0}.Debug|Any CPU.Build.0 = Debug|Any CPU
		{0B2C2D2C-2EB0-45ED-BFF1-4E94D8D520F0}.Release|Any CPU.ActiveCfg = Release|Any CPU
		{0B2C2D2C-2EB0-45ED-BFF1-4E94D8D520F0}.Release|Any CPU.Build.0 = Release|Any CPU
	EndGlobalSection
	GlobalSection(SolutionProperties) = preSolution
		HideSolutionNode = FALSE
	EndGlobalSection
	GlobalSection(ExtensibilityGlobals) = postSolution
		SolutionGuid = {0FA80190-1620-4708-97B4-E8064C99537C}
	EndGlobalSection
EndGlobal
