
Microsoft Visual Studio Solution File, Format Version 12.00
# Visual Studio Version 16
VisualStudioVersion = 16.0.29709.97
MinimumVisualStudioVersion = 10.0.40219.1
Project("{FAE04EC0-301F-11D3-BF4B-00C04F79EFBC}") = "ParImpar", "ParImpar.csproj", "{62C89D98-15E1-454B-9978-8A5FB8895EBD}"
EndProject
Global
	GlobalSection(SolutionConfigurationPlatforms) = preSolution
		Debug|Any CPU = Debug|Any CPU
		Release|Any CPU = Release|Any CPU
	EndGlobalSection
	GlobalSection(ProjectConfigurationPlatforms) = postSolution
		{62C89D98-15E1-454B-9978-8A5FB8895EBD}.Debug|Any CPU.ActiveCfg = Debug|Any CPU
		{62C89D98-15E1-454B-9978-8A5FB8895EBD}.Debug|Any CPU.Build.0 = Debug|Any CPU
		{62C89D98-15E1-454B-9978-8A5FB8895EBD}.Release|Any CPU.ActiveCfg = Release|Any CPU
		{62C89D98-15E1-454B-9978-8A5FB8895EBD}.Release|Any CPU.Build.0 = Release|Any CPU
	EndGlobalSection
	GlobalSection(SolutionProperties) = preSolution
		HideSolutionNode = FALSE
	EndGlobalSection
	GlobalSection(ExtensibilityGlobals) = postSolution
		SolutionGuid = {DDE2EF2A-D492-4DE6-847C-FDC8484E2F44}
	EndGlobalSection
EndGlobal
