
Microsoft Visual Studio Solution File, Format Version 12.00
# Visual Studio Version 16
VisualStudioVersion = 16.0.29709.97
MinimumVisualStudioVersion = 10.0.40219.1
Project("{FAE04EC0-301F-11D3-BF4B-00C04F79EFBC}") = "Ex4T3_stringToArray", "Ex4T3_stringToArray.csproj", "{0DC16189-A920-4189-9E0D-772B2A7D3704}"
EndProject
Global
	GlobalSection(SolutionConfigurationPlatforms) = preSolution
		Debug|Any CPU = Debug|Any CPU
		Release|Any CPU = Release|Any CPU
	EndGlobalSection
	GlobalSection(ProjectConfigurationPlatforms) = postSolution
		{0DC16189-A920-4189-9E0D-772B2A7D3704}.Debug|Any CPU.ActiveCfg = Debug|Any CPU
		{0DC16189-A920-4189-9E0D-772B2A7D3704}.Debug|Any CPU.Build.0 = Debug|Any CPU
		{0DC16189-A920-4189-9E0D-772B2A7D3704}.Release|Any CPU.ActiveCfg = Release|Any CPU
		{0DC16189-A920-4189-9E0D-772B2A7D3704}.Release|Any CPU.Build.0 = Release|Any CPU
	EndGlobalSection
	GlobalSection(SolutionProperties) = preSolution
		HideSolutionNode = FALSE
	EndGlobalSection
	GlobalSection(ExtensibilityGlobals) = postSolution
		SolutionGuid = {264B0267-40B6-49AA-8DE3-F853E5CD8E06}
	EndGlobalSection
EndGlobal
